{
  "name": "pi-web-access",
  "version": "0.1.0",
  "lockfileVersion": 3,
  "requires": true,
  "packages": {
    "": {
      "name": "pi-web-access",
      "version": "0.1.0",
      "dependencies": {
        "@lydell/node-pty": "^1.1.0",
        "ghostty-web": "^0.3.0",
        "ws": "^8.18.0"
      },
      "devDependencies": {
        "@types/ws": "^8.5.14"
      }
    },
    "node_modules/@lydell/node-pty": {
      "version": "1.1.0",
      "resolved": "https://registry.npmjs.org/@lydell/node-pty/-/node-pty-1.1.0.tgz",
      "integrity": "sha512-VDD8LtlMTOrPKWMXUAcB9+LTktzuunqrMwkYR1DMRBkS6LQrCt+0/Ws1o2rMml/n3guePpS7cxhHF7Nm5K4iMw==",
      "license": "MIT",
      "optionalDependencies": {
        "@lydell/node-pty-darwin-arm64": "1.1.0",
        "@lydell/node-pty-darwin-x64": "1.1.0",
        "@lydell/node-pty-linux-arm64": "1.1.0",
        "@lydell/node-pty-linux-x64": "1.1.0",
        "@lydell/node-pty-win32-arm64": "1.1.0",
        "@lydell/node-pty-win32-x64": "1.1.0"
      }
    },
    "node_modules/@lydell/node-pty-darwin-arm64": {
      "version": "1.1.0",
      "resolved": "https://registry.npmjs.org/@lydell/node-pty-darwin-arm64/-/node-pty-darwin-arm64-1.1.0.tgz",
      "integrity": "sha512-7kFD+owAA61qmhJCtoMbqj3Uvff3YHDiU+4on5F2vQdcMI3MuwGi7dM6MkFG/yuzpw8LF2xULpL71tOPUfxs0w==",
      "cpu": [
        "arm64"
      ],
      "license": "MIT",
      "optional": true,
      "os": [
        "darwin"
      ]
    },
    "node_modules/@lydell/node-pty-darwin-x64": {
      "version": "1.1.0",
      "resolved": "https://registry.npmjs.org/@lydell/node-pty-darwin-x64/-/node-pty-darwin-x64-1.1.0.tgz",
      "integrity": "sha512-XZdvqj5FjAMjH8bdp0YfaZjur5DrCIDD1VYiE9EkkYVMDQqRUPHYV3U8BVEQVT9hYfjmpr7dNaELF2KyISWSNA==",
      "cpu": [
        "x64"
      ],
      "license": "MIT",
      "optional": true,
      "os": [
        "darwin"
      ]
    },
    "node_modules/@lydell/node-pty-linux-arm64": {
      "version": "1.1.0",
      "resolved": "https://registry.npmjs.org/@lydell/node-pty-linux-arm64/-/node-pty-linux-arm64-1.1.0.tgz",
      "integrity": "sha512-yyDBmalCfHpLiQMT2zyLcqL2Fay4Xy7rIs8GH4dqKLnEviMvPGOK7LADVkKAsbsyXBSISL3Lt1m1MtxhPH6ckg==",
      "cpu": [
        "arm64"
      ],
      "license": "MIT",
      "optional": true,
      "os": [
        "linux"
      ]
    },
    "node_modules/@lydell/node-pty-linux-x64": {
      "version": "1.1.0",
      "resolved": "https://registry.npmjs.org/@lydell/node-pty-linux-x64/-/node-pty-linux-x64-1.1.0.tgz",
      "integrity": "sha512-NcNqRTD14QT+vXcEuqSSvmWY+0+WUBn2uRE8EN0zKtDpIEr9d+YiFj16Uqds6QfcLCHfZmC+Ls7YzwTaqDnanA==",
      "cpu": [
        "x64"
      ],
      "license": "MIT",
      "optional": true,
      "os": [
        "linux"
      ]
    },
    "node_modules/@lydell/node-pty-win32-arm64": {
      "version": "1.1.0",
      "resolved": "https://registry.npmjs.org/@lydell/node-pty-win32-arm64/-/node-pty-win32-arm64-1.1.0.tgz",
      "integrity": "sha512-JOMbCou+0fA7d/m97faIIfIU0jOv8sn2OR7tI45u3AmldKoKoLP8zHY6SAvDDnI3fccO1R2HeR1doVjpS7HM0w==",
      "cpu": [
        "arm64"
      ],
      "license": "MIT",
      "optional": true,
      "os": [
        "win32"
      ]
    },
    "node_modules/@lydell/node-pty-win32-x64": {
      "version": "1.1.0",
      "resolved": "https://registry.npmjs.org/@lydell/node-pty-win32-x64/-/node-pty-win32-x64-1.1.0.tgz",
      "integrity": "sha512-3N56BZ+WDFnUMYRtsrr7Ky2mhWGl9xXcyqR6cexfuCqcz9RNWL+KoXRv/nZylY5dYaXkft4JaR1uVu+roiZDAw==",
      "cpu": [
        "x64"
      ],
      "license": "MIT",
      "optional": true,
      "os": [
        "win32"
      ]
    },
    "node_modules/@types/node": {
      "version": "25.5.0",
      "resolved": "https://registry.npmjs.org/@types/node/-/node-25.5.0.tgz",
      "integrity": "sha512-jp2P3tQMSxWugkCUKLRPVUpGaL5MVFwF8RDuSRztfwgN1wmqJeMSbKlnEtQqU8UrhTmzEmZdu2I6v2dpp7XIxw==",
      "dev": true,
      "license": "MIT",
      "dependencies": {
        "undici-types": "~7.18.0"
      }
    },
    "node_modules/@types/ws": {
      "version": "8.18.1",
      "resolved": "https://registry.npmjs.org/@types/ws/-/ws-8.18.1.tgz",
      "integrity": "sha512-ThVF6DCVhA8kUGy+aazFQ4kXQ7E1Ty7A3ypFOe0IcJV8O/M511G99AW24irKrW56Wt44yG9+ij8FaqoBGkuBXg==",
      "dev": true,
      "license": "MIT",
      "dependencies": {
        "@types/node": "*"
      }
    },
    "node_modules/ghostty-web": {
      "version": "0.3.0",
      "resolved": "https://registry.npmjs.org/ghostty-web/-/ghostty-web-0.3.0.tgz",
      "integrity": "sha512-SAdSHWYF20GMZUB0n8kh1N6Z4ljMnuUqT8iTB2n5FAPswEV10MejEpLlhW/769GL5+BQa1NYwEg9y/XCckV5+A==",
      "license": "MIT"
    },
    "node_modules/undici-types": {
      "version": "7.18.2",
      "resolved": "https://registry.npmjs.org/undici-types/-/undici-types-7.18.2.tgz",
      "integrity": "sha512-AsuCzffGHJybSaRrmr5eHr81mwJU3kjw6M+uprWvCXiNeN9SOGwQ3Jn8jb8m3Z6izVgknn1R0FTCEAP2QrLY/w==",
      "dev": true,
      "license": "MIT"
    },
    "node_modules/ws": {
      "version": "8.20.0",
      "resolved": "https://registry.npmjs.org/ws/-/ws-8.20.0.tgz",
      "integrity": "sha512-sAt8BhgNbzCtgGbt2OxmpuryO63ZoDk/sqaB/znQm94T4fCEsy/yV+7CdC1kJhOU9lboAEU7R3kquuycDoibVA==",
      "license": "MIT",
      "engines": {
        "node": ">=10.0.0"
      },
      "peerDependencies": {
        "bufferutil": "^4.0.1",
        "utf-8-validate": ">=5.0.2"
      },
      "peerDependenciesMeta": {
        "bufferutil": {
          "optional": true
        },
        "utf-8-validate": {
          "optional": true
        }
      }
    }
  }
}
